
Microsoft Visual Studio Solution File, Format Version 12.00
# Visual Studio 14
VisualStudioVersion = 14.0.25123.0
MinimumVisualStudioVersion = 10.0.40219.1
Project("{FAE04EC0-301F-11D3-BF4B-00C04F79EFBC}") = "ImageGallery.Services.Facade", "ImageGallery.Services.Facade\ImageGallery.Services.Facade.csproj", "{0E312151-10F4-4949-B819-D7DBB59545D7}"
EndProject
Project("{FAE04EC0-301F-11D3-BF4B-00C04F79EFBC}") = "ImageGallery.Domain", "ImageGallery.Model\ImageGallery.Domain.csproj", "{B4A02B98-1899-4C45-B5F5-1B7CB4FE41DA}"
EndProject
Project("{FAE04EC0-301F-11D3-BF4B-00C04F79EFBC}") = "ImageGallery.Repository", "ImageGallery.Repository\ImageGallery.Repository.csproj", "{340051EE-2DC6-4F46-BA80-996CD8D050C4}"
EndProject
Project("{FAE04EC0-301F-11D3-BF4B-00C04F79EFBC}") = "ImageGallery.Infrastructure", "ImageGallery.Infrastructure\ImageGallery.Infrastructure.csproj", "{6D305450-BD37-4C8F-BD77-B89F2D4B00CC}"
EndProject
Project("{FAE04EC0-301F-11D3-BF4B-00C04F79EFBC}") = "ImageGallery.Web", "ImageGallery.Web\ImageGallery.Web.csproj", "{32645DD7-A460-4160-BC68-C5E52EB5D0BA}"
EndProject
Project("{FAE04EC0-301F-11D3-BF4B-00C04F79EFBC}") = "ImageGallery.Tests", "ImageGallery.Tests\ImageGallery.Tests.csproj", "{EF658732-2446-45FC-9996-4ED4BA216699}"
EndProject
Project("{FAE04EC0-301F-11D3-BF4B-00C04F79EFBC}") = "ImageGallery.Data.EFDbInit", "ImageGallery.Data\ImageGallery.Data.EFDbInit.csproj", "{BC7069CF-CCC5-4B51-8FB5-1FDE44C9C7A5}"
EndProject
Global
	GlobalSection(SolutionConfigurationPlatforms) = preSolution
		Debug|Any CPU = Debug|Any CPU
		Release|Any CPU = Release|Any CPU
	EndGlobalSection
	GlobalSection(ProjectConfigurationPlatforms) = postSolution
		{0E312151-10F4-4949-B819-D7DBB59545D7}.Debug|Any CPU.ActiveCfg = Debug|Any CPU
		{0E312151-10F4-4949-B819-D7DBB59545D7}.Debug|Any CPU.Build.0 = Debug|Any CPU
		{0E312151-10F4-4949-B819-D7DBB59545D7}.Release|Any CPU.ActiveCfg = Release|Any CPU
		{0E312151-10F4-4949-B819-D7DBB59545D7}.Release|Any CPU.Build.0 = Release|Any CPU
		{B4A02B98-1899-4C45-B5F5-1B7CB4FE41DA}.Debug|Any CPU.ActiveCfg = Debug|Any CPU
		{B4A02B98-1899-4C45-B5F5-1B7CB4FE41DA}.Debug|Any CPU.Build.0 = Debug|Any CPU
		{B4A02B98-1899-4C45-B5F5-1B7CB4FE41DA}.Release|Any CPU.ActiveCfg = Release|Any CPU
		{B4A02B98-1899-4C45-B5F5-1B7CB4FE41DA}.Release|Any CPU.Build.0 = Release|Any CPU
		{340051EE-2DC6-4F46-BA80-996CD8D050C4}.Debug|Any CPU.ActiveCfg = Debug|Any CPU
		{340051EE-2DC6-4F46-BA80-996CD8D050C4}.Debug|Any CPU.Build.0 = Debug|Any CPU
		{340051EE-2DC6-4F46-BA80-996CD8D050C4}.Release|Any CPU.ActiveCfg = Release|Any CPU
		{340051EE-2DC6-4F46-BA80-996CD8D050C4}.Release|Any CPU.Build.0 = Release|Any CPU
		{6D305450-BD37-4C8F-BD77-B89F2D4B00CC}.Debug|Any CPU.ActiveCfg = Debug|Any CPU
		{6D305450-BD37-4C8F-BD77-B89F2D4B00CC}.Debug|Any CPU.Build.0 = Debug|Any CPU
		{6D305450-BD37-4C8F-BD77-B89F2D4B00CC}.Release|Any CPU.ActiveCfg = Release|Any CPU
		{6D305450-BD37-4C8F-BD77-B89F2D4B00CC}.Release|Any CPU.Build.0 = Release|Any CPU
		{32645DD7-A460-4160-BC68-C5E52EB5D0BA}.Debug|Any CPU.ActiveCfg = Debug|Any CPU
		{32645DD7-A460-4160-BC68-C5E52EB5D0BA}.Debug|Any CPU.Build.0 = Debug|Any CPU
		{32645DD7-A460-4160-BC68-C5E52EB5D0BA}.Release|Any CPU.ActiveCfg = Release|Any CPU
		{32645DD7-A460-4160-BC68-C5E52EB5D0BA}.Release|Any CPU.Build.0 = Release|Any CPU
		{EF658732-2446-45FC-9996-4ED4BA216699}.Debug|Any CPU.ActiveCfg = Debug|Any CPU
		{EF658732-2446-45FC-9996-4ED4BA216699}.Debug|Any CPU.Build.0 = Debug|Any CPU
		{EF658732-2446-45FC-9996-4ED4BA216699}.Release|Any CPU.ActiveCfg = Release|Any CPU
		{EF658732-2446-45FC-9996-4ED4BA216699}.Release|Any CPU.Build.0 = Release|Any CPU
		{BC7069CF-CCC5-4B51-8FB5-1FDE44C9C7A5}.Debug|Any CPU.ActiveCfg = Debug|Any CPU
		{BC7069CF-CCC5-4B51-8FB5-1FDE44C9C7A5}.Debug|Any CPU.Build.0 = Debug|Any CPU
		{BC7069CF-CCC5-4B51-8FB5-1FDE44C9C7A5}.Release|Any CPU.ActiveCfg = Release|Any CPU
		{BC7069CF-CCC5-4B51-8FB5-1FDE44C9C7A5}.Release|Any CPU.Build.0 = Release|Any CPU
	EndGlobalSection
	GlobalSection(SolutionProperties) = preSolution
		HideSolutionNode = FALSE
	EndGlobalSection
	GlobalSection(TeamFoundationVersionControl) = preSolution
		SccNumberOfProjects = 8
		SccEnterpriseProvider = {4CA58AB2-18FA-4F8D-95D4-32DDF27D184C}
		SccTeamFoundationServer = https://sigmajohnpettersson.visualstudio.com/defaultcollection
		SccLocalPath0 = .
		SccProjectUniqueName1 = ImageGallery.Services.Facade\\ImageGallery.Services.Facade.csproj
		SccProjectName1 = ImageGallery.Services.Facade
		SccLocalPath1 = ImageGallery.Services.Facade
		SccProjectUniqueName2 = ImageGallery.Repository\\ImageGallery.Repository.csproj
		SccProjectName2 = ImageGallery.Repository
		SccLocalPath2 = ImageGallery.Repository
		SccProjectUniqueName3 = ImageGallery.Infrastructure\\ImageGallery.Infrastructure.csproj
		SccProjectName3 = ImageGallery.Infrastructure
		SccLocalPath3 = ImageGallery.Infrastructure
		SccProjectUniqueName4 = ImageGallery.Model\\ImageGallery.Domain.csproj
		SccProjectName4 = ImageGallery.Model
		SccLocalPath4 = ImageGallery.Model
		SccProjectUniqueName5 = ImageGallery.Web\\ImageGallery.Web.csproj
		SccProjectName5 = ImageGallery.Web
		SccLocalPath5 = ImageGallery.Web
		SccProjectUniqueName6 = ImageGallery.Tests\\ImageGallery.Tests.csproj
		SccProjectName6 = ImageGallery.Tests
		SccLocalPath6 = ImageGallery.Tests
		SccProjectUniqueName7 = ImageGallery.Data\\ImageGallery.Data.EFDbInit.csproj
		SccProjectName7 = ImageGallery.Data
		SccLocalPath7 = ImageGallery.Data
	EndGlobalSection
EndGlobal
